
Microsoft Visual Studio Solution File, Format Version 12.00
# Visual Studio Version 17
VisualStudioVersion = 17.6.33829.357
MinimumVisualStudioVersion = 10.0.40219.1
Project("{FAE04EC0-301F-11D3-BF4B-00C04F79EFBC}") = "ChatHub", "ChatHub\ChatHub.csproj", "{BAF27D8E-9567-4E79-8BC0-0EB4B67130CC}"
EndProject
Global
	GlobalSection(SolutionConfigurationPlatforms) = preSolution
		Debug|Any CPU = Debug|Any CPU
		Release|Any CPU = Release|Any CPU
	EndGlobalSection
	GlobalSection(ProjectConfigurationPlatforms) = postSolution
		{BAF27D8E-9567-4E79-8BC0-0EB4B67130CC}.Debug|Any CPU.ActiveCfg = Debug|Any CPU
		{BAF27D8E-9567-4E79-8BC0-0EB4B67130CC}.Debug|Any CPU.Build.0 = Debug|Any CPU
		{BAF27D8E-9567-4E79-8BC0-0EB4B67130CC}.Release|Any CPU.ActiveCfg = Release|Any CPU
		{BAF27D8E-9567-4E79-8BC0-0EB4B67130CC}.Release|Any CPU.Build.0 = Release|Any CPU
	EndGlobalSection
	GlobalSection(SolutionProperties) = preSolution
		HideSolutionNode = FALSE
	EndGlobalSection
	GlobalSection(ExtensibilityGlobals) = postSolution
		SolutionGuid = {4B5EFEFD-C437-4F45-95FC-6D28E8EB9834}
	EndGlobalSection
EndGlobal
